
Microsoft Visual Studio Solution File, Format Version 12.00
# Visual Studio 15
VisualStudioVersion = 15.0.28307.489
MinimumVisualStudioVersion = 10.0.40219.1
Project("{FAE04EC0-301F-11D3-BF4B-00C04F79EFBC}") = "TrainingManagementSystem", "TrainingManagementSystem\TrainingManagementSystem.csproj", "{16E32642-D450-4011-99E1-082FB4B66ECB}"
EndProject
Project("{FAE04EC0-301F-11D3-BF4B-00C04F79EFBC}") = "TrainingManagementSystem.Models", "TrainingManagementSystem.Models\TrainingManagementSystem.Models.csproj", "{BE093474-79A8-45A9-9ECE-16D8184D3FA6}"
EndProject
Global
	GlobalSection(SolutionConfigurationPlatforms) = preSolution
		Debug|Any CPU = Debug|Any CPU
		Release|Any CPU = Release|Any CPU
	EndGlobalSection
	GlobalSection(ProjectConfigurationPlatforms) = postSolution
		{16E32642-D450-4011-99E1-082FB4B66ECB}.Debug|Any CPU.ActiveCfg = Debug|Any CPU
		{16E32642-D450-4011-99E1-082FB4B66ECB}.Debug|Any CPU.Build.0 = Debug|Any CPU
		{16E32642-D450-4011-99E1-082FB4B66ECB}.Release|Any CPU.ActiveCfg = Release|Any CPU
		{16E32642-D450-4011-99E1-082FB4B66ECB}.Release|Any CPU.Build.0 = Release|Any CPU
		{BE093474-79A8-45A9-9ECE-16D8184D3FA6}.Debug|Any CPU.ActiveCfg = Debug|Any CPU
		{BE093474-79A8-45A9-9ECE-16D8184D3FA6}.Debug|Any CPU.Build.0 = Debug|Any CPU
		{BE093474-79A8-45A9-9ECE-16D8184D3FA6}.Release|Any CPU.ActiveCfg = Release|Any CPU
		{BE093474-79A8-45A9-9ECE-16D8184D3FA6}.Release|Any CPU.Build.0 = Release|Any CPU
	EndGlobalSection
	GlobalSection(SolutionProperties) = preSolution
		HideSolutionNode = FALSE
	EndGlobalSection
	GlobalSection(ExtensibilityGlobals) = postSolution
		SolutionGuid = {1B0771EF-87B0-4290-9BD9-3511288F56EC}
	EndGlobalSection
EndGlobal
